// !$*UTF8*$!
{
	archiveVersion = 1;
	classes = {
	};
	objectVersion = 56;
	objects = {

/* Begin PBXBuildFile section */
		258155118379DA9735346ED1 /* Pods_MessengerTest.framework in Frameworks */ = {isa = PBXBuildFile; fileRef = 51CB3D9F7D9C066F3B923415 /* Pods_MessengerTest.framework */; };
		A7766D8E29A3C65300E842ED /* MessengerTestApp.swift in Sources */ = {isa = PBXBuildFile; fileRef = A7766D8D29A3C65300E842ED /* MessengerTestApp.swift */; };
		A7766D9229A3C65500E842ED /* Assets.xcassets in Resources */ = {isa = PBXBuildFile; fileRef = A7766D9129A3C65500E842ED /* Assets.xcassets */; };
		A7766D9529A3C65500E842ED /* Preview Assets.xcassets in Resources */ = {isa = PBXBuildFile; fileRef = A7766D9429A3C65500E842ED /* Preview Assets.xcassets */; };
		A7766DA729A3CC8900E842ED /* ChannelsView.swift in Sources */ = {isa = PBXBuildFile; fileRef = A7766DA629A3CC8900E842ED /* ChannelsView.swift */; };
		A7766DAA29A3CE8D00E842ED /* ChatService.swift in Sources */ = {isa = PBXBuildFile; fileRef = A7766DA929A3CE8D00E842ED /* ChatService.swift */; };
		A7766DAE29A3D03D00E842ED /* Logging.swift in Sources */ = {isa = PBXBuildFile; fileRef = A7766DAD29A3D03D00E842ED /* Logging.swift */; };
		A7766DB129A3D06100E842ED /* AppConfig.swift in Sources */ = {isa = PBXBuildFile; fileRef = A7766DB029A3D06100E842ED /* AppConfig.swift */; };
		A7766DB329A3D0E900E842ED /* SendbirdChatService.swift in Sources */ = {isa = PBXBuildFile; fileRef = A7766DB229A3D0E900E842ED /* SendbirdChatService.swift */; };
		A7766DB629A3D17700E842ED /* ChatConfiguring.swift in Sources */ = {isa = PBXBuildFile; fileRef = A7766DB529A3D17700E842ED /* ChatConfiguring.swift */; };
		A7766DB829A3D18A00E842ED /* SendbirdChatConfig.swift in Sources */ = {isa = PBXBuildFile; fileRef = A7766DB729A3D18A00E842ED /* SendbirdChatConfig.swift */; };
		A7766DBB29A3D61400E842ED /* AuthService.swift in Sources */ = {isa = PBXBuildFile; fileRef = A7766DBA29A3D61400E842ED /* AuthService.swift */; };
		A7766DBE29A3D7D700E842ED /* MockAuthService.swift in Sources */ = {isa = PBXBuildFile; fileRef = A7766DBD29A3D7D700E842ED /* MockAuthService.swift */; };
		A7766DDF29A3E56C00E842ED /* ChannelsViewModel.swift in Sources */ = {isa = PBXBuildFile; fileRef = A7766DDE29A3E56C00E842ED /* ChannelsViewModel.swift */; };
		A7766DE229A3EA1200E842ED /* Channel.swift in Sources */ = {isa = PBXBuildFile; fileRef = A7766DE129A3EA1200E842ED /* Channel.swift */; };
		A7766DE429A3EA1900E842ED /* ChatMessage.swift in Sources */ = {isa = PBXBuildFile; fileRef = A7766DE329A3EA1900E842ED /* ChatMessage.swift */; };
		A7766DE629A3EA6B00E842ED /* ChannelsService.swift in Sources */ = {isa = PBXBuildFile; fileRef = A7766DE529A3EA6B00E842ED /* ChannelsService.swift */; };
		A7766DE929A3EA8D00E842ED /* SendbirdChannelsService.swift in Sources */ = {isa = PBXBuildFile; fileRef = A7766DE829A3EA8D00E842ED /* SendbirdChannelsService.swift */; };
		A7766DEB29A3FF1000E842ED /* User.swift in Sources */ = {isa = PBXBuildFile; fileRef = A7766DEA29A3FF1000E842ED /* User.swift */; };
		A7766DEE29A4028E00E842ED /* StringConstants.swift in Sources */ = {isa = PBXBuildFile; fileRef = A7766DED29A4028E00E842ED /* StringConstants.swift */; };
		A7766DF329A408A800E842ED /* LoadingView.swift in Sources */ = {isa = PBXBuildFile; fileRef = A7766DF229A408A800E842ED /* LoadingView.swift */; };
		A7766DF829A40BC300E842ED /* MainView.swift in Sources */ = {isa = PBXBuildFile; fileRef = A7766DF729A40BC300E842ED /* MainView.swift */; };
		A7766DFA29A40BCF00E842ED /* MainViewModel.swift in Sources */ = {isa = PBXBuildFile; fileRef = A7766DF929A40BCF00E842ED /* MainViewModel.swift */; };
		A7766DFD29A45E2000E842ED /* AsyncAuthService.swift in Sources */ = {isa = PBXBuildFile; fileRef = A7766DFC29A45E2000E842ED /* AsyncAuthService.swift */; };
		A7766E0129A464E800E842ED /* AnyPublisher+Async.swift in Sources */ = {isa = PBXBuildFile; fileRef = A7766E0029A464E800E842ED /* AnyPublisher+Async.swift */; };
		A7766E0329A465FD00E842ED /* AsyncChatService.swift in Sources */ = {isa = PBXBuildFile; fileRef = A7766E0229A465FD00E842ED /* AsyncChatService.swift */; };
		A7766E0529A4690200E842ED /* AsyncChannelsService.swift in Sources */ = {isa = PBXBuildFile; fileRef = A7766E0429A4690200E842ED /* AsyncChannelsService.swift */; };
		A7766E0729A470C700E842ED /* MessagesView.swift in Sources */ = {isa = PBXBuildFile; fileRef = A7766E0629A470C700E842ED /* MessagesView.swift */; };
		A7766E0929A470D000E842ED /* MessagesViewModel.swift in Sources */ = {isa = PBXBuildFile; fileRef = A7766E0829A470D000E842ED /* MessagesViewModel.swift */; };
		A7766E0B29A470D900E842ED /* MessagesService.swift in Sources */ = {isa = PBXBuildFile; fileRef = A7766E0A29A470D900E842ED /* MessagesService.swift */; };
		A7766E0E29A470F100E842ED /* SendbirdMessagesService.swift in Sources */ = {isa = PBXBuildFile; fileRef = A7766E0D29A470F100E842ED /* SendbirdMessagesService.swift */; };
		A7766E1129A4714700E842ED /* Format.swift in Sources */ = {isa = PBXBuildFile; fileRef = A7766E1029A4714700E842ED /* Format.swift */; };
		A7766E1329A4723C00E842ED /* Date+Extensions.swift in Sources */ = {isa = PBXBuildFile; fileRef = A7766E1229A4723C00E842ED /* Date+Extensions.swift */; };
		A7766E1529A4735C00E842ED /* ChannelRow.swift in Sources */ = {isa = PBXBuildFile; fileRef = A7766E1429A4735C00E842ED /* ChannelRow.swift */; };
		A7766E1A29A5211A00E842ED /* Color+Extensions.swift in Sources */ = {isa = PBXBuildFile; fileRef = A7766E1929A5211A00E842ED /* Color+Extensions.swift */; };
		A7766E1C29A5229500E842ED /* ImageConstants.swift in Sources */ = {isa = PBXBuildFile; fileRef = A7766E1B29A5229500E842ED /* ImageConstants.swift */; };
		A7766E1E29A5236400E842ED /* MessagesGridView.swift in Sources */ = {isa = PBXBuildFile; fileRef = A7766E1D29A5236400E842ED /* MessagesGridView.swift */; };
		A7766E2029A5239100E842ED /* KeyboardInputAccessoryView.swift in Sources */ = {isa = PBXBuildFile; fileRef = A7766E1F29A5239100E842ED /* KeyboardInputAccessoryView.swift */; };
		A7766E2229A523C000E842ED /* ChatMessageBubbleView.swift in Sources */ = {isa = PBXBuildFile; fileRef = A7766E2129A523C000E842ED /* ChatMessageBubbleView.swift */; };
		A7766E2429A5245A00E842ED /* KeyboardObserving.swift in Sources */ = {isa = PBXBuildFile; fileRef = A7766E2329A5245A00E842ED /* KeyboardObserving.swift */; };
		A7766E2629A5256600E842ED /* AsyncMessagesService.swift in Sources */ = {isa = PBXBuildFile; fileRef = A7766E2529A5256600E842ED /* AsyncMessagesService.swift */; };
		A7766E2B29A557AE00E842ED /* SendbirdChannelProtocol.swift in Sources */ = {isa = PBXBuildFile; fileRef = A7766E2A29A557AE00E842ED /* SendbirdChannelProtocol.swift */; };
		A7766E2E29A5605100E842ED /* Message+toChatMessage.swift in Sources */ = {isa = PBXBuildFile; fileRef = A7766E2D29A5605100E842ED /* Message+toChatMessage.swift */; };
		A7766E3229A5619A00E842ED /* Channel+Extensions.swift in Sources */ = {isa = PBXBuildFile; fileRef = A7766E3129A5619A00E842ED /* Channel+Extensions.swift */; };
		A7766E3629A59B6200E842ED /* ImagePicker.swift in Sources */ = {isa = PBXBuildFile; fileRef = A7766E3529A59B6200E842ED /* ImagePicker.swift */; };
/* End PBXBuildFile section */

/* Begin PBXFileReference section */
		4EE154FF6E4C0F715EF18B46 /* Pods-MessengerTest.release.xcconfig */ = {isa = PBXFileReference; includeInIndex = 1; lastKnownFileType = text.xcconfig; name = "Pods-MessengerTest.release.xcconfig"; path = "Target Support Files/Pods-MessengerTest/Pods-MessengerTest.release.xcconfig"; sourceTree = "<group>"; };
		51CB3D9F7D9C066F3B923415 /* Pods_MessengerTest.framework */ = {isa = PBXFileReference; explicitFileType = wrapper.framework; includeInIndex = 0; path = Pods_MessengerTest.framework; sourceTree = BUILT_PRODUCTS_DIR; };
		A7766D8A29A3C65300E842ED /* MessengerTest.app */ = {isa = PBXFileReference; explicitFileType = wrapper.application; includeInIndex = 0; path = MessengerTest.app; sourceTree = BUILT_PRODUCTS_DIR; };
		A7766D8D29A3C65300E842ED /* MessengerTestApp.swift */ = {isa = PBXFileReference; lastKnownFileType = sourcecode.swift; path = MessengerTestApp.swift; sourceTree = "<group>"; };
		A7766D9129A3C65500E842ED /* Assets.xcassets */ = {isa = PBXFileReference; lastKnownFileType = folder.assetcatalog; path = Assets.xcassets; sourceTree = "<group>"; };
		A7766D9429A3C65500E842ED /* Preview Assets.xcassets */ = {isa = PBXFileReference; lastKnownFileType = folder.assetcatalog; path = "Preview Assets.xcassets"; sourceTree = "<group>"; };
		A7766DA629A3CC8900E842ED /* ChannelsView.swift */ = {isa = PBXFileReference; lastKnownFileType = sourcecode.swift; path = ChannelsView.swift; sourceTree = "<group>"; };
		A7766DA929A3CE8D00E842ED /* ChatService.swift */ = {isa = PBXFileReference; lastKnownFileType = sourcecode.swift; path = ChatService.swift; sourceTree = "<group>"; };
		A7766DAD29A3D03D00E842ED /* Logging.swift */ = {isa = PBXFileReference; lastKnownFileType = sourcecode.swift; path = Logging.swift; sourceTree = "<group>"; };
		A7766DB029A3D06100E842ED /* AppConfig.swift */ = {isa = PBXFileReference; lastKnownFileType = sourcecode.swift; path = AppConfig.swift; sourceTree = "<group>"; };
		A7766DB229A3D0E900E842ED /* SendbirdChatService.swift */ = {isa = PBXFileReference; lastKnownFileType = sourcecode.swift; path = SendbirdChatService.swift; sourceTree = "<group>"; };
		A7766DB529A3D17700E842ED /* ChatConfiguring.swift */ = {isa = PBXFileReference; lastKnownFileType = sourcecode.swift; path = ChatConfiguring.swift; sourceTree = "<group>"; };
		A7766DB729A3D18A00E842ED /* SendbirdChatConfig.swift */ = {isa = PBXFileReference; lastKnownFileType = sourcecode.swift; path = SendbirdChatConfig.swift; sourceTree = "<group>"; };
		A7766DBA29A3D61400E842ED /* AuthService.swift */ = {isa = PBXFileReference; lastKnownFileType = sourcecode.swift; path = AuthService.swift; sourceTree = "<group>"; };
		A7766DBD29A3D7D700E842ED /* MockAuthService.swift */ = {isa = PBXFileReference; lastKnownFileType = sourcecode.swift; path = MockAuthService.swift; sourceTree = "<group>"; };
		A7766DDE29A3E56C00E842ED /* ChannelsViewModel.swift */ = {isa = PBXFileReference; lastKnownFileType = sourcecode.swift; path = ChannelsViewModel.swift; sourceTree = "<group>"; };
		A7766DE129A3EA1200E842ED /* Channel.swift */ = {isa = PBXFileReference; lastKnownFileType = sourcecode.swift; path = Channel.swift; sourceTree = "<group>"; };
		A7766DE329A3EA1900E842ED /* ChatMessage.swift */ = {isa = PBXFileReference; lastKnownFileType = sourcecode.swift; path = ChatMessage.swift; sourceTree = "<group>"; };
		A7766DE529A3EA6B00E842ED /* ChannelsService.swift */ = {isa = PBXFileReference; lastKnownFileType = sourcecode.swift; path = ChannelsService.swift; sourceTree = "<group>"; };
		A7766DE829A3EA8D00E842ED /* SendbirdChannelsService.swift */ = {isa = PBXFileReference; lastKnownFileType = sourcecode.swift; path = SendbirdChannelsService.swift; sourceTree = "<group>"; };
		A7766DEA29A3FF1000E842ED /* User.swift */ = {isa = PBXFileReference; lastKnownFileType = sourcecode.swift; path = User.swift; sourceTree = "<group>"; };
		A7766DED29A4028E00E842ED /* StringConstants.swift */ = {isa = PBXFileReference; lastKnownFileType = sourcecode.swift; path = StringConstants.swift; sourceTree = "<group>"; };
		A7766DF229A408A800E842ED /* LoadingView.swift */ = {isa = PBXFileReference; lastKnownFileType = sourcecode.swift; path = LoadingView.swift; sourceTree = "<group>"; };
		A7766DF729A40BC300E842ED /* MainView.swift */ = {isa = PBXFileReference; lastKnownFileType = sourcecode.swift; path = MainView.swift; sourceTree = "<group>"; };
		A7766DF929A40BCF00E842ED /* MainViewModel.swift */ = {isa = PBXFileReference; lastKnownFileType = sourcecode.swift; path = MainViewModel.swift; sourceTree = "<group>"; };
		A7766DFC29A45E2000E842ED /* AsyncAuthService.swift */ = {isa = PBXFileReference; lastKnownFileType = sourcecode.swift; path = AsyncAuthService.swift; sourceTree = "<group>"; };
		A7766E0029A464E800E842ED /* AnyPublisher+Async.swift */ = {isa = PBXFileReference; lastKnownFileType = sourcecode.swift; path = "AnyPublisher+Async.swift"; sourceTree = "<group>"; };
		A7766E0229A465FD00E842ED /* AsyncChatService.swift */ = {isa = PBXFileReference; lastKnownFileType = sourcecode.swift; path = AsyncChatService.swift; sourceTree = "<group>"; };
		A7766E0429A4690200E842ED /* AsyncChannelsService.swift */ = {isa = PBXFileReference; lastKnownFileType = sourcecode.swift; path = AsyncChannelsService.swift; sourceTree = "<group>"; };
		A7766E0629A470C700E842ED /* MessagesView.swift */ = {isa = PBXFileReference; lastKnownFileType = sourcecode.swift; path = MessagesView.swift; sourceTree = "<group>"; };
		A7766E0829A470D000E842ED /* MessagesViewModel.swift */ = {isa = PBXFileReference; lastKnownFileType = sourcecode.swift; path = MessagesViewModel.swift; sourceTree = "<group>"; };
		A7766E0A29A470D900E842ED /* MessagesService.swift */ = {isa = PBXFileReference; lastKnownFileType = sourcecode.swift; path = MessagesService.swift; sourceTree = "<group>"; };
		A7766E0D29A470F100E842ED /* SendbirdMessagesService.swift */ = {isa = PBXFileReference; lastKnownFileType = sourcecode.swift; path = SendbirdMessagesService.swift; sourceTree = "<group>"; };
		A7766E1029A4714700E842ED /* Format.swift */ = {isa = PBXFileReference; lastKnownFileType = sourcecode.swift; path = Format.swift; sourceTree = "<group>"; };
		A7766E1229A4723C00E842ED /* Date+Extensions.swift */ = {isa = PBXFileReference; lastKnownFileType = sourcecode.swift; path = "Date+Extensions.swift"; sourceTree = "<group>"; };
		A7766E1429A4735C00E842ED /* ChannelRow.swift */ = {isa = PBXFileReference; lastKnownFileType = sourcecode.swift; path = ChannelRow.swift; sourceTree = "<group>"; };
		A7766E1929A5211A00E842ED /* Color+Extensions.swift */ = {isa = PBXFileReference; lastKnownFileType = sourcecode.swift; path = "Color+Extensions.swift"; sourceTree = "<group>"; };
		A7766E1B29A5229500E842ED /* ImageConstants.swift */ = {isa = PBXFileReference; lastKnownFileType = sourcecode.swift; path = ImageConstants.swift; sourceTree = "<group>"; };
		A7766E1D29A5236400E842ED /* MessagesGridView.swift */ = {isa = PBXFileReference; lastKnownFileType = sourcecode.swift; path = MessagesGridView.swift; sourceTree = "<group>"; };
		A7766E1F29A5239100E842ED /* KeyboardInputAccessoryView.swift */ = {isa = PBXFileReference; lastKnownFileType = sourcecode.swift; path = KeyboardInputAccessoryView.swift; sourceTree = "<group>"; };
		A7766E2129A523C000E842ED /* ChatMessageBubbleView.swift */ = {isa = PBXFileReference; lastKnownFileType = sourcecode.swift; path = ChatMessageBubbleView.swift; sourceTree = "<group>"; };
		A7766E2329A5245A00E842ED /* KeyboardObserving.swift */ = {isa = PBXFileReference; lastKnownFileType = sourcecode.swift; path = KeyboardObserving.swift; sourceTree = "<group>"; };
		A7766E2529A5256600E842ED /* AsyncMessagesService.swift */ = {isa = PBXFileReference; lastKnownFileType = sourcecode.swift; path = AsyncMessagesService.swift; sourceTree = "<group>"; };
		A7766E2A29A557AE00E842ED /* SendbirdChannelProtocol.swift */ = {isa = PBXFileReference; lastKnownFileType = sourcecode.swift; path = SendbirdChannelProtocol.swift; sourceTree = "<group>"; };
		A7766E2D29A5605100E842ED /* Message+toChatMessage.swift */ = {isa = PBXFileReference; lastKnownFileType = sourcecode.swift; path = "Message+toChatMessage.swift"; sourceTree = "<group>"; };
		A7766E3129A5619A00E842ED /* Channel+Extensions.swift */ = {isa = PBXFileReference; lastKnownFileType = sourcecode.swift; path = "Channel+Extensions.swift"; sourceTree = "<group>"; };
		A7766E3529A59B6200E842ED /* ImagePicker.swift */ = {isa = PBXFileReference; lastKnownFileType = sourcecode.swift; path = ImagePicker.swift; sourceTree = "<group>"; };
		FB1D765DBBF3999954650E21 /* Pods-MessengerTest.debug.xcconfig */ = {isa = PBXFileReference; includeInIndex = 1; lastKnownFileType = text.xcconfig; name = "Pods-MessengerTest.debug.xcconfig"; path = "Target Support Files/Pods-MessengerTest/Pods-MessengerTest.debug.xcconfig"; sourceTree = "<group>"; };
/* End PBXFileReference section */

/* Begin PBXFrameworksBuildPhase section */
		A7766D8729A3C65300E842ED /* Frameworks */ = {
			isa = PBXFrameworksBuildPhase;
			buildActionMask = 2147483647;
			files = (
				258155118379DA9735346ED1 /* Pods_MessengerTest.framework in Frameworks */,
			);
			runOnlyForDeploymentPostprocessing = 0;
		};
/* End PBXFrameworksBuildPhase section */

/* Begin PBXGroup section */
		A7766D8129A3C65300E842ED = {
			isa = PBXGroup;
			children = (
				A7766D8C29A3C65300E842ED /* MessengerTest */,
				A7766D8B29A3C65300E842ED /* Products */,
				A8D8439F7C32E315E82A3ECF /* Pods */,
				E35F01EAF51391D782DD8CD5 /* Frameworks */,
			);
			sourceTree = "<group>";
		};
		A7766D8B29A3C65300E842ED /* Products */ = {
			isa = PBXGroup;
			children = (
				A7766D8A29A3C65300E842ED /* MessengerTest.app */,
			);
			name = Products;
			sourceTree = "<group>";
		};
		A7766D8C29A3C65300E842ED /* MessengerTest */ = {
			isa = PBXGroup;
			children = (
				A7766D8D29A3C65300E842ED /* MessengerTestApp.swift */,
				A7766DAF29A3D05A00E842ED /* Config */,
				A7766D9C29A3CBB600E842ED /* Main */,
				A7766DE029A3EA0A00E842ED /* Model */,
				A7766D9B29A3CBAC00E842ED /* Util */,
				A7766D9129A3C65500E842ED /* Assets.xcassets */,
				A7766D9329A3C65500E842ED /* Preview Content */,
			);
			path = MessengerTest;
			sourceTree = "<group>";
		};
		A7766D9329A3C65500E842ED /* Preview Content */ = {
			isa = PBXGroup;
			children = (
				A7766D9429A3C65500E842ED /* Preview Assets.xcassets */,
			);
			path = "Preview Content";
			sourceTree = "<group>";
		};
		A7766D9B29A3CBAC00E842ED /* Util */ = {
			isa = PBXGroup;
			children = (
				A7766E1729A5210700E842ED /* Style */,
				A7766E0F29A4711400E842ED /* Format */,
				A7766DFE29A464C100E842ED /* Combine */,
				A7766DEF29A4087C00E842ED /* UI */,
				A7766DEC29A4028100E842ED /* Constants */,
				A7766DAC29A3CFB200E842ED /* Logging */,
			);
			path = Util;
			sourceTree = "<group>";
		};
		A7766D9C29A3CBB600E842ED /* Main */ = {
			isa = PBXGroup;
			children = (
				A7766DF429A40B8E00E842ED /* Main */,
				A7766DB929A3D60900E842ED /* Auth */,
				A7766D9D29A3CBCE00E842ED /* Chat */,
			);
			path = Main;
			sourceTree = "<group>";
		};
		A7766D9D29A3CBCE00E842ED /* Chat */ = {
			isa = PBXGroup;
			children = (
				A7766DA829A3CE7700E842ED /* API */,
				A7766D9F29A3CC4100E842ED /* Messages */,
				A7766D9E29A3CC3700E842ED /* Channels */,
			);
			path = Chat;
			sourceTree = "<group>";
		};
		A7766D9E29A3CC3700E842ED /* Channels */ = {
			isa = PBXGroup;
			children = (
				A7766DA229A3CC5A00E842ED /* API */,
				A7766DA129A3CC5300E842ED /* ViewModel */,
				A7766DA029A3CC4E00E842ED /* View */,
			);
			path = Channels;
			sourceTree = "<group>";
		};
		A7766D9F29A3CC4100E842ED /* Messages */ = {
			isa = PBXGroup;
			children = (
				A7766DA529A3CC6800E842ED /* API */,
				A7766DA429A3CC6300E842ED /* ViewModel */,
				A7766DA329A3CC5E00E842ED /* View */,
			);
			path = Messages;
			sourceTree = "<group>";
		};
		A7766DA029A3CC4E00E842ED /* View */ = {
			isa = PBXGroup;
			children = (
				A7766DA629A3CC8900E842ED /* ChannelsView.swift */,
				A7766E1429A4735C00E842ED /* ChannelRow.swift */,
			);
			path = View;
			sourceTree = "<group>";
		};
		A7766DA129A3CC5300E842ED /* ViewModel */ = {
			isa = PBXGroup;
			children = (
				A7766DDE29A3E56C00E842ED /* ChannelsViewModel.swift */,
			);
			path = ViewModel;
			sourceTree = "<group>";
		};
		A7766DA229A3CC5A00E842ED /* API */ = {
			isa = PBXGroup;
			children = (
				A7766DE729A3EA7200E842ED /* SendbirdChannelsService */,
				A7766DE529A3EA6B00E842ED /* ChannelsService.swift */,
				A7766E0429A4690200E842ED /* AsyncChannelsService.swift */,
			);
			path = API;
			sourceTree = "<group>";
		};
		A7766DA329A3CC5E00E842ED /* View */ = {
			isa = PBXGroup;
			children = (
				A7766E2729A5285400E842ED /* Components */,
				A7766E0629A470C700E842ED /* MessagesView.swift */,
			);
			path = View;
			sourceTree = "<group>";
		};
		A7766DA429A3CC6300E842ED /* ViewModel */ = {
			isa = PBXGroup;
			children = (
				A7766E0829A470D000E842ED /* MessagesViewModel.swift */,
			);
			path = ViewModel;
			sourceTree = "<group>";
		};
		A7766DA529A3CC6800E842ED /* API */ = {
			isa = PBXGroup;
			children = (
				A7766E0C29A470DD00E842ED /* SendbirdMessagesService */,
				A7766E0A29A470D900E842ED /* MessagesService.swift */,
				A7766E2529A5256600E842ED /* AsyncMessagesService.swift */,
			);
			path = API;
			sourceTree = "<group>";
		};
		A7766DA829A3CE7700E842ED /* API */ = {
			isa = PBXGroup;
			children = (
				A7766DB529A3D17700E842ED /* ChatConfiguring.swift */,
				A7766DAB29A3CE9200E842ED /* SendbirdChatService */,
				A7766DA929A3CE8D00E842ED /* ChatService.swift */,
				A7766E0229A465FD00E842ED /* AsyncChatService.swift */,
			);
			path = API;
			sourceTree = "<group>";
		};
		A7766DAB29A3CE9200E842ED /* SendbirdChatService */ = {
			isa = PBXGroup;
			children = (
				A7766DB229A3D0E900E842ED /* SendbirdChatService.swift */,
				A7766DB729A3D18A00E842ED /* SendbirdChatConfig.swift */,
			);
			path = SendbirdChatService;
			sourceTree = "<group>";
		};
		A7766DAC29A3CFB200E842ED /* Logging */ = {
			isa = PBXGroup;
			children = (
				A7766DAD29A3D03D00E842ED /* Logging.swift */,
			);
			path = Logging;
			sourceTree = "<group>";
		};
		A7766DAF29A3D05A00E842ED /* Config */ = {
			isa = PBXGroup;
			children = (
				A7766DB029A3D06100E842ED /* AppConfig.swift */,
			);
			path = Config;
			sourceTree = "<group>";
		};
		A7766DB929A3D60900E842ED /* Auth */ = {
			isa = PBXGroup;
			children = (
				A7766DFB29A45E0E00E842ED /* API */,
			);
			path = Auth;
			sourceTree = "<group>";
		};
		A7766DBC29A3D7CC00E842ED /* MockAuthService */ = {
			isa = PBXGroup;
			children = (
				A7766DBD29A3D7D700E842ED /* MockAuthService.swift */,
			);
			path = MockAuthService;
			sourceTree = "<group>";
		};
		A7766DE029A3EA0A00E842ED /* Model */ = {
			isa = PBXGroup;
			children = (
				A7766E2F29A5613200E842ED /* Sendbird */,
				A7766DE129A3EA1200E842ED /* Channel.swift */,
				A7766DE329A3EA1900E842ED /* ChatMessage.swift */,
				A7766DEA29A3FF1000E842ED /* User.swift */,
			);
			path = Model;
			sourceTree = "<group>";
		};
		A7766DE729A3EA7200E842ED /* SendbirdChannelsService */ = {
			isa = PBXGroup;
			children = (
				A7766DE829A3EA8D00E842ED /* SendbirdChannelsService.swift */,
			);
			path = SendbirdChannelsService;
			sourceTree = "<group>";
		};
		A7766DEC29A4028100E842ED /* Constants */ = {
			isa = PBXGroup;
			children = (
				A7766DED29A4028E00E842ED /* StringConstants.swift */,
				A7766E1B29A5229500E842ED /* ImageConstants.swift */,
			);
			path = Constants;
			sourceTree = "<group>";
		};
		A7766DEF29A4087C00E842ED /* UI */ = {
			isa = PBXGroup;
			children = (
				A7766E2829A5286900E842ED /* Keyboard */,
				A7766DF229A408A800E842ED /* LoadingView.swift */,
				A7766E3529A59B6200E842ED /* ImagePicker.swift */,
			);
			path = UI;
			sourceTree = "<group>";
		};
		A7766DF429A40B8E00E842ED /* Main */ = {
			isa = PBXGroup;
			children = (
				A7766DF629A40B9E00E842ED /* ViewModel */,
				A7766DF529A40B9A00E842ED /* View */,
			);
			path = Main;
			sourceTree = "<group>";
		};
		A7766DF529A40B9A00E842ED /* View */ = {
			isa = PBXGroup;
			children = (
				A7766DF729A40BC300E842ED /* MainView.swift */,
			);
			path = View;
			sourceTree = "<group>";
		};
		A7766DF629A40B9E00E842ED /* ViewModel */ = {
			isa = PBXGroup;
			children = (
				A7766DF929A40BCF00E842ED /* MainViewModel.swift */,
			);
			path = ViewModel;
			sourceTree = "<group>";
		};
		A7766DFB29A45E0E00E842ED /* API */ = {
			isa = PBXGroup;
			children = (
				A7766DBC29A3D7CC00E842ED /* MockAuthService */,
				A7766DBA29A3D61400E842ED /* AuthService.swift */,
				A7766DFC29A45E2000E842ED /* AsyncAuthService.swift */,
			);
			path = API;
			sourceTree = "<group>";
		};
		A7766DFE29A464C100E842ED /* Combine */ = {
			isa = PBXGroup;
			children = (
				A7766DFF29A464DB00E842ED /* Extensions */,
			);
			path = Combine;
			sourceTree = "<group>";
		};
		A7766DFF29A464DB00E842ED /* Extensions */ = {
			isa = PBXGroup;
			children = (
				A7766E0029A464E800E842ED /* AnyPublisher+Async.swift */,
			);
			path = Extensions;
			sourceTree = "<group>";
		};
		A7766E0C29A470DD00E842ED /* SendbirdMessagesService */ = {
			isa = PBXGroup;
			children = (
				A7766E0D29A470F100E842ED /* SendbirdMessagesService.swift */,
			);
			path = SendbirdMessagesService;
			sourceTree = "<group>";
		};
		A7766E0F29A4711400E842ED /* Format */ = {
			isa = PBXGroup;
			children = (
				A7766E1029A4714700E842ED /* Format.swift */,
				A7766E1229A4723C00E842ED /* Date+Extensions.swift */,
			);
			path = Format;
			sourceTree = "<group>";
		};
		A7766E1729A5210700E842ED /* Style */ = {
			isa = PBXGroup;
			children = (
				A7766E1829A5210C00E842ED /* Color */,
			);
			path = Style;
			sourceTree = "<group>";
		};
		A7766E1829A5210C00E842ED /* Color */ = {
			isa = PBXGroup;
			children = (
				A7766E1929A5211A00E842ED /* Color+Extensions.swift */,
			);
			path = Color;
			sourceTree = "<group>";
		};
		A7766E2729A5285400E842ED /* Components */ = {
			isa = PBXGroup;
			children = (
				A7766E1D29A5236400E842ED /* MessagesGridView.swift */,
				A7766E1F29A5239100E842ED /* KeyboardInputAccessoryView.swift */,
				A7766E2129A523C000E842ED /* ChatMessageBubbleView.swift */,
			);
			path = Components;
			sourceTree = "<group>";
		};
		A7766E2829A5286900E842ED /* Keyboard */ = {
			isa = PBXGroup;
			children = (
				A7766E2329A5245A00E842ED /* KeyboardObserving.swift */,
			);
			path = Keyboard;
			sourceTree = "<group>";
		};
		A7766E2F29A5613200E842ED /* Sendbird */ = {
			isa = PBXGroup;
			children = (
				A7766E3029A5618300E842ED /* Extensions */,
				A7766E2A29A557AE00E842ED /* SendbirdChannelProtocol.swift */,
			);
			path = Sendbird;
			sourceTree = "<group>";
		};
		A7766E3029A5618300E842ED /* Extensions */ = {
			isa = PBXGroup;
			children = (
				A7766E2D29A5605100E842ED /* Message+toChatMessage.swift */,
				A7766E3129A5619A00E842ED /* Channel+Extensions.swift */,
			);
			path = Extensions;
			sourceTree = "<group>";
		};
		A8D8439F7C32E315E82A3ECF /* Pods */ = {
			isa = PBXGroup;
			children = (
				FB1D765DBBF3999954650E21 /* Pods-MessengerTest.debug.xcconfig */,
				4EE154FF6E4C0F715EF18B46 /* Pods-MessengerTest.release.xcconfig */,
			);
			path = Pods;
			sourceTree = "<group>";
		};
		E35F01EAF51391D782DD8CD5 /* Frameworks */ = {
			isa = PBXGroup;
			children = (
				51CB3D9F7D9C066F3B923415 /* Pods_MessengerTest.framework */,
			);
			name = Frameworks;
			sourceTree = "<group>";
		};
/* End PBXGroup section */

/* Begin PBXNativeTarget section */
		A7766D8929A3C65300E842ED /* MessengerTest */ = {
			isa = PBXNativeTarget;
			buildConfigurationList = A7766D9829A3C65500E842ED /* Build configuration list for PBXNativeTarget "MessengerTest" */;
			buildPhases = (
				D55BDE4672CD46FB64EBB4DD /* [CP] Check Pods Manifest.lock */,
				A7766D8629A3C65300E842ED /* Sources */,
				A7766D8729A3C65300E842ED /* Frameworks */,
				A7766D8829A3C65300E842ED /* Resources */,
				C24C0B8C3DED6CF8DCB23714 /* [CP] Embed Pods Frameworks */,
			);
			buildRules = (
			);
			dependencies = (
			);
			name = MessengerTest;
			productName = MessengerTest;
			productReference = A7766D8A29A3C65300E842ED /* MessengerTest.app */;
			productType = "com.apple.product-type.application";
		};
/* End PBXNativeTarget section */

/* Begin PBXProject section */
		A7766D8229A3C65300E842ED /* Project object */ = {
			isa = PBXProject;
			attributes = {
				BuildIndependentTargetsInParallel = 1;
				LastSwiftUpdateCheck = 1410;
				LastUpgradeCheck = 1410;
				TargetAttributes = {
					A7766D8929A3C65300E842ED = {
						CreatedOnToolsVersion = 14.1;
					};
				};
			};
			buildConfigurationList = A7766D8529A3C65300E842ED /* Build configuration list for PBXProject "MessengerTest" */;
			compatibilityVersion = "Xcode 14.0";
			developmentRegion = en;
			hasScannedForEncodings = 0;
			knownRegions = (
				en,
				Base,
			);
			mainGroup = A7766D8129A3C65300E842ED;
			productRefGroup = A7766D8B29A3C65300E842ED /* Products */;
			projectDirPath = "";
			projectRoot = "";
			targets = (
				A7766D8929A3C65300E842ED /* MessengerTest */,
			);
		};
/* End PBXProject section */

/* Begin PBXResourcesBuildPhase section */
		A7766D8829A3C65300E842ED /* Resources */ = {
			isa = PBXResourcesBuildPhase;
			buildActionMask = 2147483647;
			files = (
				A7766D9529A3C65500E842ED /* Preview Assets.xcassets in Resources */,
				A7766D9229A3C65500E842ED /* Assets.xcassets in Resources */,
			);
			runOnlyForDeploymentPostprocessing = 0;
		};
/* End PBXResourcesBuildPhase section */

/* Begin PBXShellScriptBuildPhase section */
		C24C0B8C3DED6CF8DCB23714 /* [CP] Embed Pods Frameworks */ = {
			isa = PBXShellScriptBuildPhase;
			buildActionMask = 2147483647;
			files = (
			);
			inputFileListPaths = (
				"${PODS_ROOT}/Target Support Files/Pods-MessengerTest/Pods-MessengerTest-frameworks-${CONFIGURATION}-input-files.xcfilelist",
			);
			name = "[CP] Embed Pods Frameworks";
			outputFileListPaths = (
				"${PODS_ROOT}/Target Support Files/Pods-MessengerTest/Pods-MessengerTest-frameworks-${CONFIGURATION}-output-files.xcfilelist",
			);
			runOnlyForDeploymentPostprocessing = 0;
			shellPath = /bin/sh;
			shellScript = "\"${PODS_ROOT}/Target Support Files/Pods-MessengerTest/Pods-MessengerTest-frameworks.sh\"\n";
			showEnvVarsInLog = 0;
		};
		D55BDE4672CD46FB64EBB4DD /* [CP] Check Pods Manifest.lock */ = {
			isa = PBXShellScriptBuildPhase;
			buildActionMask = 2147483647;
			files = (
			);
			inputFileListPaths = (
			);
			inputPaths = (
				"${PODS_PODFILE_DIR_PATH}/Podfile.lock",
				"${PODS_ROOT}/Manifest.lock",
			);
			name = "[CP] Check Pods Manifest.lock";
			outputFileListPaths = (
			);
			outputPaths = (
				"$(DERIVED_FILE_DIR)/Pods-MessengerTest-checkManifestLockResult.txt",
			);
			runOnlyForDeploymentPostprocessing = 0;
			shellPath = /bin/sh;
			shellScript = "diff \"${PODS_PODFILE_DIR_PATH}/Podfile.lock\" \"${PODS_ROOT}/Manifest.lock\" > /dev/null\nif [ $? != 0 ] ; then\n    # print error to STDERR\n    echo \"error: The sandbox is not in sync with the Podfile.lock. Run 'pod install' or update your CocoaPods installation.\" >&2\n    exit 1\nfi\n# This output is used by Xcode 'outputs' to avoid re-running this script phase.\necho \"SUCCESS\" > \"${SCRIPT_OUTPUT_FILE_0}\"\n";
			showEnvVarsInLog = 0;
		};
/* End PBXShellScriptBuildPhase section */

/* Begin PBXSourcesBuildPhase section */
		A7766D8629A3C65300E842ED /* Sources */ = {
			isa = PBXSourcesBuildPhase;
			buildActionMask = 2147483647;
			files = (
				A7766DEE29A4028E00E842ED /* StringConstants.swift in Sources */,
				A7766DE929A3EA8D00E842ED /* SendbirdChannelsService.swift in Sources */,
				A7766DDF29A3E56C00E842ED /* ChannelsViewModel.swift in Sources */,
				A7766DE229A3EA1200E842ED /* Channel.swift in Sources */,
				A7766E2029A5239100E842ED /* KeyboardInputAccessoryView.swift in Sources */,
				A7766E1C29A5229500E842ED /* ImageConstants.swift in Sources */,
				A7766E2E29A5605100E842ED /* Message+toChatMessage.swift in Sources */,
				A7766DE429A3EA1900E842ED /* ChatMessage.swift in Sources */,
				A7766DF829A40BC300E842ED /* MainView.swift in Sources */,
				A7766DEB29A3FF1000E842ED /* User.swift in Sources */,
				A7766DAE29A3D03D00E842ED /* Logging.swift in Sources */,
				A7766E0929A470D000E842ED /* MessagesViewModel.swift in Sources */,
				A7766E0329A465FD00E842ED /* AsyncChatService.swift in Sources */,
				A7766E1529A4735C00E842ED /* ChannelRow.swift in Sources */,
				A7766E1E29A5236400E842ED /* MessagesGridView.swift in Sources */,
				A7766E1A29A5211A00E842ED /* Color+Extensions.swift in Sources */,
				A7766E2429A5245A00E842ED /* KeyboardObserving.swift in Sources */,
				A7766DAA29A3CE8D00E842ED /* ChatService.swift in Sources */,
				A7766E0729A470C700E842ED /* MessagesView.swift in Sources */,
				A7766DB629A3D17700E842ED /* ChatConfiguring.swift in Sources */,
				A7766E2B29A557AE00E842ED /* SendbirdChannelProtocol.swift in Sources */,
				A7766E1129A4714700E842ED /* Format.swift in Sources */,
				A7766E0129A464E800E842ED /* AnyPublisher+Async.swift in Sources */,
				A7766DBE29A3D7D700E842ED /* MockAuthService.swift in Sources */,
				A7766DB129A3D06100E842ED /* AppConfig.swift in Sources */,
				A7766DB829A3D18A00E842ED /* SendbirdChatConfig.swift in Sources */,
				A7766DE629A3EA6B00E842ED /* ChannelsService.swift in Sources */,
				A7766E0529A4690200E842ED /* AsyncChannelsService.swift in Sources */,
				A7766E2629A5256600E842ED /* AsyncMessagesService.swift in Sources */,
				A7766E3629A59B6200E842ED /* ImagePicker.swift in Sources */,
				A7766DB329A3D0E900E842ED /* SendbirdChatService.swift in Sources */,
				A7766E0E29A470F100E842ED /* SendbirdMessagesService.swift in Sources */,
				A7766DFA29A40BCF00E842ED /* MainViewModel.swift in Sources */,
				A7766E3229A5619A00E842ED /* Channel+Extensions.swift in Sources */,
				A7766E1329A4723C00E842ED /* Date+Extensions.swift in Sources */,
				A7766DBB29A3D61400E842ED /* AuthService.swift in Sources */,
				A7766E2229A523C000E842ED /* ChatMessageBubbleView.swift in Sources */,
				A7766D8E29A3C65300E842ED /* MessengerTestApp.swift in Sources */,
				A7766DFD29A45E2000E842ED /* AsyncAuthService.swift in Sources */,
				A7766E0B29A470D900E842ED /* MessagesService.swift in Sources */,
				A7766DA729A3CC8900E842ED /* ChannelsView.swift in Sources */,
				A7766DF329A408A800E842ED /* LoadingView.swift in Sources */,
			);
			runOnlyForDeploymentPostprocessing = 0;
		};
/* End PBXSourcesBuildPhase section */

/* Begin XCBuildConfiguration section */
		A7766D9629A3C65500E842ED /* Debug */ = {
			isa = XCBuildConfiguration;
			buildSettings = {
				ALWAYS_SEARCH_USER_PATHS = NO;
				CLANG_ANALYZER_NONNULL = YES;
				CLANG_ANALYZER_NUMBER_OBJECT_CONVERSION = YES_AGGRESSIVE;
				CLANG_CXX_LANGUAGE_STANDARD = "gnu++20";
				CLANG_ENABLE_MODULES = YES;
				CLANG_ENABLE_OBJC_ARC = YES;
				CLANG_ENABLE_OBJC_WEAK = YES;
				CLANG_WARN_BLOCK_CAPTURE_AUTORELEASING = YES;
				CLANG_WARN_BOOL_CONVERSION = YES;
				CLANG_WARN_COMMA = YES;
				CLANG_WARN_CONSTANT_CONVERSION = YES;
				CLANG_WARN_DEPRECATED_OBJC_IMPLEMENTATIONS = YES;
				CLANG_WARN_DIRECT_OBJC_ISA_USAGE = YES_ERROR;
				CLANG_WARN_DOCUMENTATION_COMMENTS = YES;
				CLANG_WARN_EMPTY_BODY = YES;
				CLANG_WARN_ENUM_CONVERSION = YES;
				CLANG_WARN_INFINITE_RECURSION = YES;
				CLANG_WARN_INT_CONVERSION = YES;
				CLANG_WARN_NON_LITERAL_NULL_CONVERSION = YES;
				CLANG_WARN_OBJC_IMPLICIT_RETAIN_SELF = YES;
				CLANG_WARN_OBJC_LITERAL_CONVERSION = YES;
				CLANG_WARN_OBJC_ROOT_CLASS = YES_ERROR;
				CLANG_WARN_QUOTED_INCLUDE_IN_FRAMEWORK_HEADER = YES;
				CLANG_WARN_RANGE_LOOP_ANALYSIS = YES;
				CLANG_WARN_STRICT_PROTOTYPES = YES;
				CLANG_WARN_SUSPICIOUS_MOVE = YES;
				CLANG_WARN_UNGUARDED_AVAILABILITY = YES_AGGRESSIVE;
				CLANG_WARN_UNREACHABLE_CODE = YES;
				CLANG_WARN__DUPLICATE_METHOD_MATCH = YES;
				COPY_PHASE_STRIP = NO;
				DEBUG_INFORMATION_FORMAT = dwarf;
				ENABLE_STRICT_OBJC_MSGSEND = YES;
				ENABLE_TESTABILITY = YES;
				GCC_C_LANGUAGE_STANDARD = gnu11;
				GCC_DYNAMIC_NO_PIC = NO;
				GCC_NO_COMMON_BLOCKS = YES;
				GCC_OPTIMIZATION_LEVEL = 0;
				GCC_PREPROCESSOR_DEFINITIONS = (
					"DEBUG=1",
					"$(inherited)",
				);
				GCC_WARN_64_TO_32_BIT_CONVERSION = YES;
				GCC_WARN_ABOUT_RETURN_TYPE = YES_ERROR;
				GCC_WARN_UNDECLARED_SELECTOR = YES;
				GCC_WARN_UNINITIALIZED_AUTOS = YES_AGGRESSIVE;
				GCC_WARN_UNUSED_FUNCTION = YES;
				GCC_WARN_UNUSED_VARIABLE = YES;
				IPHONEOS_DEPLOYMENT_TARGET = 16.1;
				MTL_ENABLE_DEBUG_INFO = INCLUDE_SOURCE;
				MTL_FAST_MATH = YES;
				ONLY_ACTIVE_ARCH = YES;
				SDKROOT = iphoneos;
				SWIFT_ACTIVE_COMPILATION_CONDITIONS = DEBUG;
				SWIFT_OPTIMIZATION_LEVEL = "-Onone";
			};
			name = Debug;
		};
		A7766D9729A3C65500E842ED /* Release */ = {
			isa = XCBuildConfiguration;
			buildSettings = {
				ALWAYS_SEARCH_USER_PATHS = NO;
				CLANG_ANALYZER_NONNULL = YES;
				CLANG_ANALYZER_NUMBER_OBJECT_CONVERSION = YES_AGGRESSIVE;
				CLANG_CXX_LANGUAGE_STANDARD = "gnu++20";
				CLANG_ENABLE_MODULES = YES;
				CLANG_ENABLE_OBJC_ARC = YES;
				CLANG_ENABLE_OBJC_WEAK = YES;
				CLANG_WARN_BLOCK_CAPTURE_AUTORELEASING = YES;
				CLANG_WARN_BOOL_CONVERSION = YES;
				CLANG_WARN_COMMA = YES;
				CLANG_WARN_CONSTANT_CONVERSION = YES;
				CLANG_WARN_DEPRECATED_OBJC_IMPLEMENTATIONS = YES;
				CLANG_WARN_DIRECT_OBJC_ISA_USAGE = YES_ERROR;
				CLANG_WARN_DOCUMENTATION_COMMENTS = YES;
				CLANG_WARN_EMPTY_BODY = YES;
				CLANG_WARN_ENUM_CONVERSION = YES;
				CLANG_WARN_INFINITE_RECURSION = YES;
				CLANG_WARN_INT_CONVERSION = YES;
				CLANG_WARN_NON_LITERAL_NULL_CONVERSION = YES;
				CLANG_WARN_OBJC_IMPLICIT_RETAIN_SELF = YES;
				CLANG_WARN_OBJC_LITERAL_CONVERSION = YES;
				CLANG_WARN_OBJC_ROOT_CLASS = YES_ERROR;
				CLANG_WARN_QUOTED_INCLUDE_IN_FRAMEWORK_HEADER = YES;
				CLANG_WARN_RANGE_LOOP_ANALYSIS = YES;
				CLANG_WARN_STRICT_PROTOTYPES = YES;
				CLANG_WARN_SUSPICIOUS_MOVE = YES;
				CLANG_WARN_UNGUARDED_AVAILABILITY = YES_AGGRESSIVE;
				CLANG_WARN_UNREACHABLE_CODE = YES;
				CLANG_WARN__DUPLICATE_METHOD_MATCH = YES;
				COPY_PHASE_STRIP = NO;
				DEBUG_INFORMATION_FORMAT = "dwarf-with-dsym";
				ENABLE_NS_ASSERTIONS = NO;
				ENABLE_STRICT_OBJC_MSGSEND = YES;
				GCC_C_LANGUAGE_STANDARD = gnu11;
				GCC_NO_COMMON_BLOCKS = YES;
				GCC_WARN_64_TO_32_BIT_CONVERSION = YES;
				GCC_WARN_ABOUT_RETURN_TYPE = YES_ERROR;
				GCC_WARN_UNDECLARED_SELECTOR = YES;
				GCC_WARN_UNINITIALIZED_AUTOS = YES_AGGRESSIVE;
				GCC_WARN_UNUSED_FUNCTION = YES;
				GCC_WARN_UNUSED_VARIABLE = YES;
				IPHONEOS_DEPLOYMENT_TARGET = 16.1;
				MTL_ENABLE_DEBUG_INFO = NO;
				MTL_FAST_MATH = YES;
				SDKROOT = iphoneos;
				SWIFT_COMPILATION_MODE = wholemodule;
				SWIFT_OPTIMIZATION_LEVEL = "-O";
				VALIDATE_PRODUCT = YES;
			};
			name = Release;
		};
		A7766D9929A3C65500E842ED /* Debug */ = {
			isa = XCBuildConfiguration;
			baseConfigurationReference = FB1D765DBBF3999954650E21 /* Pods-MessengerTest.debug.xcconfig */;
			buildSettings = {
				ASSETCATALOG_COMPILER_APPICON_NAME = AppIcon;
				ASSETCATALOG_COMPILER_GLOBAL_ACCENT_COLOR_NAME = AccentColor;
				CODE_SIGN_STYLE = Automatic;
				CURRENT_PROJECT_VERSION = 1;
				DEVELOPMENT_ASSET_PATHS = "\"MessengerTest/Preview Content\"";
				DEVELOPMENT_TEAM = K4X9356WT8;
				ENABLE_PREVIEWS = YES;
				GENERATE_INFOPLIST_FILE = YES;
				INFOPLIST_KEY_UIApplicationSceneManifest_Generation = YES;
				INFOPLIST_KEY_UIApplicationSupportsIndirectInputEvents = YES;
				INFOPLIST_KEY_UILaunchScreen_Generation = YES;
				INFOPLIST_KEY_UISupportedInterfaceOrientations_iPad = "UIInterfaceOrientationPortrait UIInterfaceOrientationPortraitUpsideDown UIInterfaceOrientationLandscapeLeft UIInterfaceOrientationLandscapeRight";
				INFOPLIST_KEY_UISupportedInterfaceOrientations_iPhone = "UIInterfaceOrientationPortrait UIInterfaceOrientationLandscapeLeft UIInterfaceOrientationLandscapeRight";
				LD_RUNPATH_SEARCH_PATHS = (
					"$(inherited)",
					"@executable_path/Frameworks",
				);
				MARKETING_VERSION = 1.0;
				PRODUCT_BUNDLE_IDENTIFIER = com.tests.MessengerTest;
				PRODUCT_NAME = "$(TARGET_NAME)";
				SWIFT_EMIT_LOC_STRINGS = YES;
				SWIFT_VERSION = 5.0;
				TARGETED_DEVICE_FAMILY = "1,2";
			};
			name = Debug;
		};
		A7766D9A29A3C65500E842ED /* Release */ = {
			isa = XCBuildConfiguration;
			baseConfigurationReference = 4EE154FF6E4C0F715EF18B46 /* Pods-MessengerTest.release.xcconfig */;
			buildSettings = {
				ASSETCATALOG_COMPILER_APPICON_NAME = AppIcon;
				ASSETCATALOG_COMPILER_GLOBAL_ACCENT_COLOR_NAME = AccentColor;
				CODE_SIGN_STYLE = Automatic;
				CURRENT_PROJECT_VERSION = 1;
				DEVELOPMENT_ASSET_PATHS = "\"MessengerTest/Preview Content\"";
				DEVELOPMENT_TEAM = K4X9356WT8;
				ENABLE_PREVIEWS = YES;
				GENERATE_INFOPLIST_FILE = YES;
				INFOPLIST_KEY_UIApplicationSceneManifest_Generation = YES;
				INFOPLIST_KEY_UIApplicationSupportsIndirectInputEvents = YES;
				INFOPLIST_KEY_UILaunchScreen_Generation = YES;
				INFOPLIST_KEY_UISupportedInterfaceOrientations_iPad = "UIInterfaceOrientationPortrait UIInterfaceOrientationPortraitUpsideDown UIInterfaceOrientationLandscapeLeft UIInterfaceOrientationLandscapeRight";
				INFOPLIST_KEY_UISupportedInterfaceOrientations_iPhone = "UIInterfaceOrientationPortrait UIInterfaceOrientationLandscapeLeft UIInterfaceOrientationLandscapeRight";
				LD_RUNPATH_SEARCH_PATHS = (
					"$(inherited)",
					"@executable_path/Frameworks",
				);
				MARKETING_VERSION = 1.0;
				PRODUCT_BUNDLE_IDENTIFIER = com.tests.MessengerTest;
				PRODUCT_NAME = "$(TARGET_NAME)";
				SWIFT_EMIT_LOC_STRINGS = YES;
				SWIFT_VERSION = 5.0;
				TARGETED_DEVICE_FAMILY = "1,2";
			};
			name = Release;
		};
/* End XCBuildConfiguration section */

/* Begin XCConfigurationList section */
		A7766D8529A3C65300E842ED /* Build configuration list for PBXProject "MessengerTest" */ = {
			isa = XCConfigurationList;
			buildConfigurations = (
				A7766D9629A3C65500E842ED /* Debug */,
				A7766D9729A3C65500E842ED /* Release */,
			);
			defaultConfigurationIsVisible = 0;
			defaultConfigurationName = Release;
		};
		A7766D9829A3C65500E842ED /* Build configuration list for PBXNativeTarget "MessengerTest" */ = {
			isa = XCConfigurationList;
			buildConfigurations = (
				A7766D9929A3C65500E842ED /* Debug */,
				A7766D9A29A3C65500E842ED /* Release */,
			);
			defaultConfigurationIsVisible = 0;
			defaultConfigurationName = Release;
		};
/* End XCConfigurationList section */
	};
	rootObject = A7766D8229A3C65300E842ED /* Project object */;
}
